PODS:
  - AGAsyncTestHelper (0.2.2)
  - React/Core (0.9.0)
  - React/RCTNetwork (0.9.0):
    - React/Core

DEPENDENCIES:
  - AGAsyncTestHelper (~> 0.2.2)
  - React/Core (= 0.9.0)
  - React/RCTNetwork (= 0.9.0)

SPEC CHECKSUMS:
  AGAsyncTestHelper: c1bccac79ae185c63bff4a91b0b5eb1fb38ac521
  React: 3185f1ac0c06c80714ddab5b4e4c51d2519dee88

COCOAPODS: 0.36.0
