// !$*UTF8*$!
{
	archiveVersion = 1;
	classes = {
	};
	objectVersion = 46;
	objects = {

/* Begin PBXBuildFile section */
		9689EE131AECE5630031F25C /* RNMEvaluator.m in Sources */ = {isa = PBXBuildFile; fileRef = 9689ED5F1AECD6710031F25C /* RNMEvaluator.m */; };
/* End PBXBuildFile section */

/* Begin PBXCopyFilesBuildPhase section */
		9689EDF91AECE5470031F25C /* CopyFiles */ = {
			isa = PBXCopyFilesBuildPhase;
			buildActionMask = 2147483647;
			dstPath = "include/$(PRODUCT_NAME)";
			dstSubfolderSpec = 16;
			files = (
			);
			runOnlyForDeploymentPostprocessing = 0;
		};
/* End PBXCopyFilesBuildPhase section */

/* Begin PBXFileReference section */
		9689ED5D1AECD6710031F25C /* RNMEvaluator.h */ = {isa = PBXFileReference; lastKnownFileType = sourcecode.c.h; path = RNMEvaluator.h; sourceTree = "<group>"; };
		9689ED5E1AECD6710031F25C /* RNMEvaluator.js */ = {isa = PBXFileReference; lastKnownFileType = sourcecode.javascript; path = RNMEvaluator.js; sourceTree = "<group>"; };
		9689ED5F1AECD6710031F25C /* RNMEvaluator.m */ = {isa = PBXFileReference; lastKnownFileType = sourcecode.c.objc; path = RNMEvaluator.m; sourceTree = "<group>"; };
		9689EDFB1AECE5470031F25C /* libreact-native-eval.a */ = {isa = PBXFileReference; explicitFileType = archive.ar; includeInIndex = 0; path = "libreact-native-eval.a"; sourceTree = BUILT_PRODUCTS_DIR; };
/* End PBXFileReference section */

/* Begin PBXFrameworksBuildPhase section */
		9689EDF81AECE5470031F25C /* Frameworks */ = {
			isa = PBXFrameworksBuildPhase;
			buildActionMask = 2147483647;
			files = (
			);
			runOnlyForDeploymentPostprocessing = 0;
		};
/* End PBXFrameworksBuildPhase section */

/* Begin PBXGroup section */
		963F30891AE7DDC100EEA560 = {
			isa = PBXGroup;
			children = (
				9689ED5D1AECD6710031F25C /* RNMEvaluator.h */,
				9689ED5E1AECD6710031F25C /* RNMEvaluator.js */,
				9689ED5F1AECD6710031F25C /* RNMEvaluator.m */,
				9689EDFC1AECE5470031F25C /* Products */,
			);
			sourceTree = "<group>";
		};
		9689EDFC1AECE5470031F25C /* Products */ = {
			isa = PBXGroup;
			children = (
				9689EDFB1AECE5470031F25C /* libreact-native-eval.a */,
			);
			name = Products;
			sourceTree = "<group>";
		};
/* End PBXGroup section */

/* Begin PBXNativeTarget section */
		9689EDFA1AECE5470031F25C /* react-native-eval */ = {
			isa = PBXNativeTarget;
			buildConfigurationList = 9689EE111AECE5480031F25C /* Build configuration list for PBXNativeTarget "react-native-eval" */;
			buildPhases = (
				9689EDF71AECE5470031F25C /* Sources */,
				9689EDF81AECE5470031F25C /* Frameworks */,
				9689EDF91AECE5470031F25C /* CopyFiles */,
			);
			buildRules = (
			);
			dependencies = (
			);
			name = "react-native-eval";
			productName = "react-native-eval";
			productReference = 9689EDFB1AECE5470031F25C /* libreact-native-eval.a */;
			productType = "com.apple.product-type.library.static";
		};
/* End PBXNativeTarget section */

/* Begin PBXProject section */
		963F308A1AE7DDC100EEA560 /* Project object */ = {
			isa = PBXProject;
			attributes = {
				LastUpgradeCheck = 0630;
				TargetAttributes = {
					9689EDFA1AECE5470031F25C = {
						CreatedOnToolsVersion = 6.3;
					};
				};
			};
			buildConfigurationList = 963F308D1AE7DDC100EEA560 /* Build configuration list for PBXProject "react-native-eval" */;
			compatibilityVersion = "Xcode 3.2";
			developmentRegion = English;
			hasScannedForEncodings = 0;
			knownRegions = (
				en,
			);
			mainGroup = 963F30891AE7DDC100EEA560;
			productRefGroup = 9689EDFC1AECE5470031F25C /* Products */;
			projectDirPath = "";
			projectRoot = "";
			targets = (
				9689EDFA1AECE5470031F25C /* react-native-eval */,
			);
		};
/* End PBXProject section */

/* Begin PBXSourcesBuildPhase section */
		9689EDF71AECE5470031F25C /* Sources */ = {
			isa = PBXSourcesBuildPhase;
			buildActionMask = 2147483647;
			files = (
				9689EE131AECE5630031F25C /* RNMEvaluator.m in Sources */,
			);
			runOnlyForDeploymentPostprocessing = 0;
		};
/* End PBXSourcesBuildPhase section */

/* Begin XCBuildConfiguration section */
		963F308E1AE7DDC100EEA560 /* Debug */ = {
			isa = XCBuildConfiguration;
			buildSettings = {
			};
			name = Debug;
		};
		963F308F1AE7DDC100EEA560 /* Release */ = {
			isa = XCBuildConfiguration;
			buildSettings = {
			};
			name = Release;
		};
		9689EE0D1AECE5480031F25C /* Debug */ = {
			isa = XCBuildConfiguration;
			buildSettings = {
				ALWAYS_SEARCH_USER_PATHS = NO;
				CLANG_CXX_LANGUAGE_STANDARD = "gnu++0x";
				CLANG_CXX_LIBRARY = "libc++";
				CLANG_ENABLE_MODULES = YES;
				CLANG_ENABLE_OBJC_ARC = YES;
				CLANG_WARN_BOOL_CONVERSION = YES;
				CLANG_WARN_CONSTANT_CONVERSION = YES;
				CLANG_WARN_DIRECT_OBJC_ISA_USAGE = YES_ERROR;
				CLANG_WARN_EMPTY_BODY = YES;
				CLANG_WARN_ENUM_CONVERSION = YES;
				CLANG_WARN_INT_CONVERSION = YES;
				CLANG_WARN_OBJC_ROOT_CLASS = YES_ERROR;
				CLANG_WARN_UNREACHABLE_CODE = YES;
				CLANG_WARN__DUPLICATE_METHOD_MATCH = YES;
				COPY_PHASE_STRIP = NO;
				DEBUG_INFORMATION_FORMAT = "dwarf-with-dsym";
				ENABLE_STRICT_OBJC_MSGSEND = YES;
				GCC_C_LANGUAGE_STANDARD = gnu99;
				GCC_DYNAMIC_NO_PIC = NO;
				GCC_NO_COMMON_BLOCKS = YES;
				GCC_OPTIMIZATION_LEVEL = 0;
				GCC_PREPROCESSOR_DEFINITIONS = (
					"DEBUG=1",
					"$(inherited)",
				);
				GCC_SYMBOLS_PRIVATE_EXTERN = NO;
				GCC_WARN_64_TO_32_BIT_CONVERSION = YES;
				GCC_WARN_ABOUT_RETURN_TYPE = YES_ERROR;
				GCC_WARN_UNDECLARED_SELECTOR = YES;
				GCC_WARN_UNINITIALIZED_AUTOS = YES_AGGRESSIVE;
				GCC_WARN_UNUSED_FUNCTION = YES;
				GCC_WARN_UNUSED_VARIABLE = YES;
				HEADER_SEARCH_PATHS = (
					"$(inherited)",
					"/Users/fessguid/Projects/wmr.ui.iOS/Pods/React/React/Base/**",
					/Applications/Xcode.app/Contents/Developer/Toolchains/XcodeDefault.xctoolchain/usr/include,
				);
				IPHONEOS_DEPLOYMENT_TARGET = 8.3;
				MTL_ENABLE_DEBUG_INFO = YES;
				ONLY_ACTIVE_ARCH = YES;
				OTHER_LDFLAGS = "-ObjC";
				PRODUCT_NAME = "$(TARGET_NAME)";
				SDKROOT = iphoneos;
				SKIP_INSTALL = YES;
			};
			name = Debug;
		};
		9689EE0E1AECE5480031F25C /* Release */ = {
			isa = XCBuildConfiguration;
			buildSettings = {
				ALWAYS_SEARCH_USER_PATHS = NO;
				CLANG_CXX_LANGUAGE_STANDARD = "gnu++0x";
				CLANG_CXX_LIBRARY = "libc++";
				CLANG_ENABLE_MODULES = YES;
				CLANG_ENABLE_OBJC_ARC = YES;
				CLANG_WARN_BOOL_CONVERSION = YES;
				CLANG_WARN_CONSTANT_CONVERSION = YES;
				CLANG_WARN_DIRECT_OBJC_ISA_USAGE = YES_ERROR;
				CLANG_WARN_EMPTY_BODY = YES;
				CLANG_WARN_ENUM_CONVERSION = YES;
				CLANG_WARN_INT_CONVERSION = YES;
				CLANG_WARN_OBJC_ROOT_CLASS = YES_ERROR;
				CLANG_WARN_UNREACHABLE_CODE = YES;
				CLANG_WARN__DUPLICATE_METHOD_MATCH = YES;
				COPY_PHASE_STRIP = NO;
				DEBUG_INFORMATION_FORMAT = "dwarf-with-dsym";
				ENABLE_NS_ASSERTIONS = NO;
				ENABLE_STRICT_OBJC_MSGSEND = YES;
				GCC_C_LANGUAGE_STANDARD = gnu99;
				GCC_NO_COMMON_BLOCKS = YES;
				GCC_WARN_64_TO_32_BIT_CONVERSION = YES;
				GCC_WARN_ABOUT_RETURN_TYPE = YES_ERROR;
				GCC_WARN_UNDECLARED_SELECTOR = YES;
				GCC_WARN_UNINITIALIZED_AUTOS = YES_AGGRESSIVE;
				GCC_WARN_UNUSED_FUNCTION = YES;
				GCC_WARN_UNUSED_VARIABLE = YES;
				HEADER_SEARCH_PATHS = (
					"$(inherited)",
					"/Users/fessguid/Projects/wmr.ui.iOS/Pods/React/React/Base/**",
					/Applications/Xcode.app/Contents/Developer/Toolchains/XcodeDefault.xctoolchain/usr/include,
				);
				IPHONEOS_DEPLOYMENT_TARGET = 8.3;
				MTL_ENABLE_DEBUG_INFO = NO;
				OTHER_LDFLAGS = "-ObjC";
				PRODUCT_NAME = "$(TARGET_NAME)";
				SDKROOT = iphoneos;
				SKIP_INSTALL = YES;
				VALIDATE_PRODUCT = YES;
			};
			name = Release;
		};
/* End XCBuildConfiguration section */

/* Begin XCConfigurationList section */
		963F308D1AE7DDC100EEA560 /* Build configuration list for PBXProject "react-native-eval" */ = {
			isa = XCConfigurationList;
			buildConfigurations = (
				963F308E1AE7DDC100EEA560 /* Debug */,
				963F308F1AE7DDC100EEA560 /* Release */,
			);
			defaultConfigurationIsVisible = 0;
			defaultConfigurationName = Release;
		};
		9689EE111AECE5480031F25C /* Build configuration list for PBXNativeTarget "react-native-eval" */ = {
			isa = XCConfigurationList;
			buildConfigurations = (
				9689EE0D1AECE5480031F25C /* Debug */,
				9689EE0E1AECE5480031F25C /* Release */,
			);
			defaultConfigurationIsVisible = 0;
			defaultConfigurationName = Release;
		};
/* End XCConfigurationList section */
	};
	rootObject = 963F308A1AE7DDC100EEA560 /* Project object */;
}
